
Microsoft Visual Studio Solution File, Format Version 12.00
# Visual Studio Version 16
VisualStudioVersion = 16.0.33927.289
MinimumVisualStudioVersion = 10.0.40219.1
Project("{2150E333-8FDC-42A3-9474-1A3956D46DE8}") = "Task0", "Task0", "{FF6F4AC6-1F1E-4715-9E75-CD34F8B03AC2}"
EndProject
Project("{FAE04EC0-301F-11D3-BF4B-00C04F79EFBC}") = "Tyuiu.ZargarovAA.Sprint5.Task0.V16", "Tyuiu.ZargarovAA.Sprint5.Task0.V16\Tyuiu.ZargarovAA.Sprint5.Task0.V16.csproj", "{8726340E-D27B-442E-AB63-72F90DF67B14}"
EndProject
Project("{FAE04EC0-301F-11D3-BF4B-00C04F79EFBC}") = "Tyuiu.ZargarovAA.Sprint5.Task0.V16.Lib", "Tyuiu.ZargarovAA.Sprint5.Task0.V16.Lib\Tyuiu.ZargarovAA.Sprint5.Task0.V16.Lib.csproj", "{8FD4831C-F91D-4598-BC71-0BC08FA2F243}"
EndProject
Project("{FAE04EC0-301F-11D3-BF4B-00C04F79EFBC}") = "Tyuiu.ZargarovAA.Sprint5.Task0.V16.Test", "Tyuiu.ZargarovAA.Sprint5.Task0.V16.Test\Tyuiu.ZargarovAA.Sprint5.Task0.V16.Test.csproj", "{9E59E881-976C-4F04-B861-83DA7871046A}"
EndProject
Project("{2150E333-8FDC-42A3-9474-1A3956D46DE8}") = "Task1", "Task1", "{D4BB60ED-790C-4D7B-B41F-65962F749B64}"
EndProject
Project("{FAE04EC0-301F-11D3-BF4B-00C04F79EFBC}") = "Tyuiu.ZargarovAA.Sprint5.Task1.V30", "Tyuiu.ZargarovAA.Sprint5.Task1.V30\Tyuiu.ZargarovAA.Sprint5.Task1.V30.csproj", "{352F8507-0051-45BD-A4FD-A196C97850E9}"
EndProject
Project("{FAE04EC0-301F-11D3-BF4B-00C04F79EFBC}") = "Tyuiu.ZargarovAA.Sprint5.Task1.V30.Lib", "Tyuiu.ZargarovAA.Sprint5.Task1.V30.Lib\Tyuiu.ZargarovAA.Sprint5.Task1.V30.Lib.csproj", "{56F1C1D5-8678-4535-9837-2EA3373114DD}"
EndProject
Project("{FAE04EC0-301F-11D3-BF4B-00C04F79EFBC}") = "Tyuiu.ZargarovAA.Sprint5.Task1.V30.Test", "Tyuiu.ZargarovAA.Sprint5.Task1.V30.Test\Tyuiu.ZargarovAA.Sprint5.Task1.V30.Test.csproj", "{81A17992-3EC1-4C13-B67D-937A69F65E6A}"
EndProject
Project("{FAE04EC0-301F-11D3-BF4B-00C04F79EFBC}") = "Tyuiu.ZargarovAA.Sprint5.Task2.V11", "Tyuiu.ZargarovAA.Sprint5.Task2.V11\Tyuiu.ZargarovAA.Sprint5.Task2.V11.csproj", "{DA1A3ACE-BCD2-4C91-BA06-84C195A69F3D}"
EndProject
Project("{2150E333-8FDC-42A3-9474-1A3956D46DE8}") = "Task2", "Task2", "{3B05DD91-E4EC-48BF-A29B-64B96D7EF5D3}"
EndProject
Project("{FAE04EC0-301F-11D3-BF4B-00C04F79EFBC}") = "Tyuiu.ZargarovAA.Sprint5.Task2.V11.Lib", "Tyuiu.ZargarovAA.Sprint5.Task2.V11.Lib\Tyuiu.ZargarovAA.Sprint5.Task2.V11.Lib.csproj", "{97AED3BB-AC9E-4A84-B09A-7F2164FEB72B}"
EndProject
Project("{FAE04EC0-301F-11D3-BF4B-00C04F79EFBC}") = "Tyuiu.ZargarovAA.Sprint5.Task2.V11.Test", "Tyuiu.ZargarovAA.Sprint5.Task2.V11.Test\Tyuiu.ZargarovAA.Sprint5.Task2.V11.Test.csproj", "{70AC2666-F090-4655-8C08-E24A5904285F}"
EndProject
Project("{2150E333-8FDC-42A3-9474-1A3956D46DE8}") = "Task3", "Task3", "{DF673BD6-4E77-45B7-8C65-85EA0D5E354B}"
EndProject
Project("{FAE04EC0-301F-11D3-BF4B-00C04F79EFBC}") = "Tyuiu.ZargarovAA.Sprint5.Task3.V7", "Tyuiu.ZargarovAA.Sprint5.Task3.V7\Tyuiu.ZargarovAA.Sprint5.Task3.V7.csproj", "{446C58AC-A963-48B7-B32C-31207E5E640E}"
EndProject
Project("{FAE04EC0-301F-11D3-BF4B-00C04F79EFBC}") = "Tyuiu.ZargarovAA.Sprint5.Task3.V7.Lib", "Tyuiu.ZargarovAA.Sprint5.Task3.V7.Lib\Tyuiu.ZargarovAA.Sprint5.Task3.V7.Lib.csproj", "{0B7B38DF-71E3-4F58-96D2-1F108949E712}"
EndProject
Project("{FAE04EC0-301F-11D3-BF4B-00C04F79EFBC}") = "Tyuiu.ZargarovAA.Sprint5.Task3.V7.Test", "Tyuiu.ZargarovAA.Sprint5.Task3.V7.Test\Tyuiu.ZargarovAA.Sprint5.Task3.V7.Test.csproj", "{4DFF4BB4-AA1C-4072-AC2F-8C7819F116C4}"
EndProject
Project("{2150E333-8FDC-42A3-9474-1A3956D46DE8}") = "Task4", "Task4", "{0E0FF9C0-E450-4DB0-8872-708BA3FA7964}"
EndProject
Project("{2150E333-8FDC-42A3-9474-1A3956D46DE8}") = "Task5", "Task5", "{010ECD97-2AC5-47F1-B930-BB5D1C727AA5}"
EndProject
Project("{2150E333-8FDC-42A3-9474-1A3956D46DE8}") = "Task6", "Task6", "{B74A9AA1-5B7D-42AB-B251-176AA87CBFB5}"
EndProject
Project("{2150E333-8FDC-42A3-9474-1A3956D46DE8}") = "Task7", "Task7", "{CDB4E9EA-BFB9-4660-B13A-CF6E063F7168}"
EndProject
Project("{FAE04EC0-301F-11D3-BF4B-00C04F79EFBC}") = "Tyuiu.ZargarovAA.Sprint5.Task4.V4", "Tyuiu.ZargarovAA.Sprint5.Task4.V4\Tyuiu.ZargarovAA.Sprint5.Task4.V4.csproj", "{C4EF644D-8784-4FD6-8689-610C574AED9F}"
EndProject
Project("{FAE04EC0-301F-11D3-BF4B-00C04F79EFBC}") = "Tyuiu.ZargarovAA.Sprint5.Task4.V4.Lib", "Tyuiu.ZargarovAA.Sprint5.Task4.V4.Lib\Tyuiu.ZargarovAA.Sprint5.Task4.V4.Lib.csproj", "{9A9CDF89-B0C8-410E-A0FD-C65E4CB48DF4}"
EndProject
Project("{FAE04EC0-301F-11D3-BF4B-00C04F79EFBC}") = "Tyuiu.ZargarovAA.Sprint5.Task4.V4.Test", "Tyuiu.ZargarovAA.Sprint5.Task4.V4.Test\Tyuiu.ZargarovAA.Sprint5.Task4.V4.Test.csproj", "{C007383E-0A85-4444-A3CD-49E0A5C0AF05}"
EndProject
Project("{FAE04EC0-301F-11D3-BF4B-00C04F79EFBC}") = "Tyuiu.ZargarovAA.Sprint5.Task5.V3", "Tyuiu.ZargarovAA.Sprint5.Task5.V3\Tyuiu.ZargarovAA.Sprint5.Task5.V3.csproj", "{0E821081-C7AF-4615-92C5-1806C1273257}"
EndProject
Project("{FAE04EC0-301F-11D3-BF4B-00C04F79EFBC}") = "Tyuiu.ZargarovAA.Sprint5.Task5.V3.Lib", "Tyuiu.ZargarovAA.Sprint5.Task5.V3.Lib\Tyuiu.ZargarovAA.Sprint5.Task5.V3.Lib.csproj", "{36E3E2DE-8F8C-44A9-9DAD-A23334FC3721}"
EndProject
Project("{FAE04EC0-301F-11D3-BF4B-00C04F79EFBC}") = "Tyuiu.ZargarovAA.Sprint5.Task5.V3.Test", "Tyuiu.ZargarovAA.Sprint5.Task5.V3.Test\Tyuiu.ZargarovAA.Sprint5.Task5.V3.Test.csproj", "{1DD4B75C-20E4-48BA-99F1-ED6B0F33F371}"
EndProject
Project("{FAE04EC0-301F-11D3-BF4B-00C04F79EFBC}") = "Tyuiu.ZargarovAA.Sprint5.Task6.V13", "Tyuiu.ZargarovAA.Sprint5.Task6.V13\Tyuiu.ZargarovAA.Sprint5.Task6.V13.csproj", "{E1292906-0A10-4BA2-8133-72960AD9D494}"
EndProject
Project("{FAE04EC0-301F-11D3-BF4B-00C04F79EFBC}") = "Tyuiu.ZargarovAA.Sprint5.Task6.V13.Lib", "Tyuiu.ZargarovAA.Sprint5.Task6.V13.Lib\Tyuiu.ZargarovAA.Sprint5.Task6.V13.Lib.csproj", "{A23040B8-8531-4B6E-AB64-A8C2FF78C950}"
EndProject
Project("{FAE04EC0-301F-11D3-BF4B-00C04F79EFBC}") = "Tyuiu.ZargarovAA.Sprint5.Task6.V13.Test", "Tyuiu.ZargarovAA.Sprint5.Task6.V13.Test\Tyuiu.ZargarovAA.Sprint5.Task6.V13.Test.csproj", "{83EBA68D-24E0-4DA1-9FBE-899FE99983BA}"
EndProject
Global
	GlobalSection(SolutionConfigurationPlatforms) = preSolution
		Debug|Any CPU = Debug|Any CPU
		Release|Any CPU = Release|Any CPU
	EndGlobalSection
	GlobalSection(ProjectConfigurationPlatforms) = postSolution
		{8726340E-D27B-442E-AB63-72F90DF67B14}.Debug|Any CPU.ActiveCfg = Debug|Any CPU
		{8726340E-D27B-442E-AB63-72F90DF67B14}.Debug|Any CPU.Build.0 = Debug|Any CPU
		{8726340E-D27B-442E-AB63-72F90DF67B14}.Release|Any CPU.ActiveCfg = Release|Any CPU
		{8726340E-D27B-442E-AB63-72F90DF67B14}.Release|Any CPU.Build.0 = Release|Any CPU
		{8FD4831C-F91D-4598-BC71-0BC08FA2F243}.Debug|Any CPU.ActiveCfg = Debug|Any CPU
		{8FD4831C-F91D-4598-BC71-0BC08FA2F243}.Debug|Any CPU.Build.0 = Debug|Any CPU
		{8FD4831C-F91D-4598-BC71-0BC08FA2F243}.Release|Any CPU.ActiveCfg = Release|Any CPU
		{8FD4831C-F91D-4598-BC71-0BC08FA2F243}.Release|Any CPU.Build.0 = Release|Any CPU
		{9E59E881-976C-4F04-B861-83DA7871046A}.Debug|Any CPU.ActiveCfg = Debug|Any CPU
		{9E59E881-976C-4F04-B861-83DA7871046A}.Debug|Any CPU.Build.0 = Debug|Any CPU
		{9E59E881-976C-4F04-B861-83DA7871046A}.Release|Any CPU.ActiveCfg = Release|Any CPU
		{9E59E881-976C-4F04-B861-83DA7871046A}.Release|Any CPU.Build.0 = Release|Any CPU
		{352F8507-0051-45BD-A4FD-A196C97850E9}.Debug|Any CPU.ActiveCfg = Debug|Any CPU
		{352F8507-0051-45BD-A4FD-A196C97850E9}.Debug|Any CPU.Build.0 = Debug|Any CPU
		{352F8507-0051-45BD-A4FD-A196C97850E9}.Release|Any CPU.ActiveCfg = Release|Any CPU
		{352F8507-0051-45BD-A4FD-A196C97850E9}.Release|Any CPU.Build.0 = Release|Any CPU
		{56F1C1D5-8678-4535-9837-2EA3373114DD}.Debug|Any CPU.ActiveCfg = Debug|Any CPU
		{56F1C1D5-8678-4535-9837-2EA3373114DD}.Debug|Any CPU.Build.0 = Debug|Any CPU
		{56F1C1D5-8678-4535-9837-2EA3373114DD}.Release|Any CPU.ActiveCfg = Release|Any CPU
		{56F1C1D5-8678-4535-9837-2EA3373114DD}.Release|Any CPU.Build.0 = Release|Any CPU
		{81A17992-3EC1-4C13-B67D-937A69F65E6A}.Debug|Any CPU.ActiveCfg = Debug|Any CPU
		{81A17992-3EC1-4C13-B67D-937A69F65E6A}.Debug|Any CPU.Build.0 = Debug|Any CPU
		{81A17992-3EC1-4C13-B67D-937A69F65E6A}.Release|Any CPU.ActiveCfg = Release|Any CPU
		{81A17992-3EC1-4C13-B67D-937A69F65E6A}.Release|Any CPU.Build.0 = Release|Any CPU
		{DA1A3ACE-BCD2-4C91-BA06-84C195A69F3D}.Debug|Any CPU.ActiveCfg = Debug|Any CPU
		{DA1A3ACE-BCD2-4C91-BA06-84C195A69F3D}.Debug|Any CPU.Build.0 = Debug|Any CPU
		{DA1A3ACE-BCD2-4C91-BA06-84C195A69F3D}.Release|Any CPU.ActiveCfg = Release|Any CPU
		{DA1A3ACE-BCD2-4C91-BA06-84C195A69F3D}.Release|Any CPU.Build.0 = Release|Any CPU
		{97AED3BB-AC9E-4A84-B09A-7F2164FEB72B}.Debug|Any CPU.ActiveCfg = Debug|Any CPU
		{97AED3BB-AC9E-4A84-B09A-7F2164FEB72B}.Debug|Any CPU.Build.0 = Debug|Any CPU
		{97AED3BB-AC9E-4A84-B09A-7F2164FEB72B}.Release|Any CPU.ActiveCfg = Release|Any CPU
		{97AED3BB-AC9E-4A84-B09A-7F2164FEB72B}.Release|Any CPU.Build.0 = Release|Any CPU
		{70AC2666-F090-4655-8C08-E24A5904285F}.Debug|Any CPU.ActiveCfg = Debug|Any CPU
		{70AC2666-F090-4655-8C08-E24A5904285F}.Debug|Any CPU.Build.0 = Debug|Any CPU
		{70AC2666-F090-4655-8C08-E24A5904285F}.Release|Any CPU.ActiveCfg = Release|Any CPU
		{70AC2666-F090-4655-8C08-E24A5904285F}.Release|Any CPU.Build.0 = Release|Any CPU
		{446C58AC-A963-48B7-B32C-31207E5E640E}.Debug|Any CPU.ActiveCfg = Debug|Any CPU
		{446C58AC-A963-48B7-B32C-31207E5E640E}.Debug|Any CPU.Build.0 = Debug|Any CPU
		{446C58AC-A963-48B7-B32C-31207E5E640E}.Release|Any CPU.ActiveCfg = Release|Any CPU
		{446C58AC-A963-48B7-B32C-31207E5E640E}.Release|Any CPU.Build.0 = Release|Any CPU
		{0B7B38DF-71E3-4F58-96D2-1F108949E712}.Debug|Any CPU.ActiveCfg = Debug|Any CPU
		{0B7B38DF-71E3-4F58-96D2-1F108949E712}.Debug|Any CPU.Build.0 = Debug|Any CPU
		{0B7B38DF-71E3-4F58-96D2-1F108949E712}.Release|Any CPU.ActiveCfg = Release|Any CPU
		{0B7B38DF-71E3-4F58-96D2-1F108949E712}.Release|Any CPU.Build.0 = Release|Any CPU
		{4DFF4BB4-AA1C-4072-AC2F-8C7819F116C4}.Debug|Any CPU.ActiveCfg = Debug|Any CPU
		{4DFF4BB4-AA1C-4072-AC2F-8C7819F116C4}.Debug|Any CPU.Build.0 = Debug|Any CPU
		{4DFF4BB4-AA1C-4072-AC2F-8C7819F116C4}.Release|Any CPU.ActiveCfg = Release|Any CPU
		{4DFF4BB4-AA1C-4072-AC2F-8C7819F116C4}.Release|Any CPU.Build.0 = Release|Any CPU
		{C4EF644D-8784-4FD6-8689-610C574AED9F}.Debug|Any CPU.ActiveCfg = Debug|Any CPU
		{C4EF644D-8784-4FD6-8689-610C574AED9F}.Debug|Any CPU.Build.0 = Debug|Any CPU
		{C4EF644D-8784-4FD6-8689-610C574AED9F}.Release|Any CPU.ActiveCfg = Release|Any CPU
		{C4EF644D-8784-4FD6-8689-610C574AED9F}.Release|Any CPU.Build.0 = Release|Any CPU
		{9A9CDF89-B0C8-410E-A0FD-C65E4CB48DF4}.Debug|Any CPU.ActiveCfg = Debug|Any CPU
		{9A9CDF89-B0C8-410E-A0FD-C65E4CB48DF4}.Debug|Any CPU.Build.0 = Debug|Any CPU
		{9A9CDF89-B0C8-410E-A0FD-C65E4CB48DF4}.Release|Any CPU.ActiveCfg = Release|Any CPU
		{9A9CDF89-B0C8-410E-A0FD-C65E4CB48DF4}.Release|Any CPU.Build.0 = Release|Any CPU
		{C007383E-0A85-4444-A3CD-49E0A5C0AF05}.Debug|Any CPU.ActiveCfg = Debug|Any CPU
		{C007383E-0A85-4444-A3CD-49E0A5C0AF05}.Debug|Any CPU.Build.0 = Debug|Any CPU
		{C007383E-0A85-4444-A3CD-49E0A5C0AF05}.Release|Any CPU.ActiveCfg = Release|Any CPU
		{C007383E-0A85-4444-A3CD-49E0A5C0AF05}.Release|Any CPU.Build.0 = Release|Any CPU
		{0E821081-C7AF-4615-92C5-1806C1273257}.Debug|Any CPU.ActiveCfg = Debug|Any CPU
		{0E821081-C7AF-4615-92C5-1806C1273257}.Debug|Any CPU.Build.0 = Debug|Any CPU
		{0E821081-C7AF-4615-92C5-1806C1273257}.Release|Any CPU.ActiveCfg = Release|Any CPU
		{0E821081-C7AF-4615-92C5-1806C1273257}.Release|Any CPU.Build.0 = Release|Any CPU
		{36E3E2DE-8F8C-44A9-9DAD-A23334FC3721}.Debug|Any CPU.ActiveCfg = Debug|Any CPU
		{36E3E2DE-8F8C-44A9-9DAD-A23334FC3721}.Debug|Any CPU.Build.0 = Debug|Any CPU
		{36E3E2DE-8F8C-44A9-9DAD-A23334FC3721}.Release|Any CPU.ActiveCfg = Release|Any CPU
		{36E3E2DE-8F8C-44A9-9DAD-A23334FC3721}.Release|Any CPU.Build.0 = Release|Any CPU
		{1DD4B75C-20E4-48BA-99F1-ED6B0F33F371}.Debug|Any CPU.ActiveCfg = Debug|Any CPU
		{1DD4B75C-20E4-48BA-99F1-ED6B0F33F371}.Debug|Any CPU.Build.0 = Debug|Any CPU
		{1DD4B75C-20E4-48BA-99F1-ED6B0F33F371}.Release|Any CPU.ActiveCfg = Release|Any CPU
		{1DD4B75C-20E4-48BA-99F1-ED6B0F33F371}.Release|Any CPU.Build.0 = Release|Any CPU
		{E1292906-0A10-4BA2-8133-72960AD9D494}.Debug|Any CPU.ActiveCfg = Debug|Any CPU
		{E1292906-0A10-4BA2-8133-72960AD9D494}.Debug|Any CPU.Build.0 = Debug|Any CPU
		{E1292906-0A10-4BA2-8133-72960AD9D494}.Release|Any CPU.ActiveCfg = Release|Any CPU
		{E1292906-0A10-4BA2-8133-72960AD9D494}.Release|Any CPU.Build.0 = Release|Any CPU
		{A23040B8-8531-4B6E-AB64-A8C2FF78C950}.Debug|Any CPU.ActiveCfg = Debug|Any CPU
		{A23040B8-8531-4B6E-AB64-A8C2FF78C950}.Debug|Any CPU.Build.0 = Debug|Any CPU
		{A23040B8-8531-4B6E-AB64-A8C2FF78C950}.Release|Any CPU.ActiveCfg = Release|Any CPU
		{A23040B8-8531-4B6E-AB64-A8C2FF78C950}.Release|Any CPU.Build.0 = Release|Any CPU
		{83EBA68D-24E0-4DA1-9FBE-899FE99983BA}.Debug|Any CPU.ActiveCfg = Debug|Any CPU
		{83EBA68D-24E0-4DA1-9FBE-899FE99983BA}.Debug|Any CPU.Build.0 = Debug|Any CPU
		{83EBA68D-24E0-4DA1-9FBE-899FE99983BA}.Release|Any CPU.ActiveCfg = Release|Any CPU
		{83EBA68D-24E0-4DA1-9FBE-899FE99983BA}.Release|Any CPU.Build.0 = Release|Any CPU
	EndGlobalSection
	GlobalSection(SolutionProperties) = preSolution
		HideSolutionNode = FALSE
	EndGlobalSection
	GlobalSection(NestedProjects) = preSolution
		{8726340E-D27B-442E-AB63-72F90DF67B14} = {FF6F4AC6-1F1E-4715-9E75-CD34F8B03AC2}
		{8FD4831C-F91D-4598-BC71-0BC08FA2F243} = {FF6F4AC6-1F1E-4715-9E75-CD34F8B03AC2}
		{9E59E881-976C-4F04-B861-83DA7871046A} = {FF6F4AC6-1F1E-4715-9E75-CD34F8B03AC2}
		{352F8507-0051-45BD-A4FD-A196C97850E9} = {D4BB60ED-790C-4D7B-B41F-65962F749B64}
		{56F1C1D5-8678-4535-9837-2EA3373114DD} = {D4BB60ED-790C-4D7B-B41F-65962F749B64}
		{81A17992-3EC1-4C13-B67D-937A69F65E6A} = {D4BB60ED-790C-4D7B-B41F-65962F749B64}
		{DA1A3ACE-BCD2-4C91-BA06-84C195A69F3D} = {3B05DD91-E4EC-48BF-A29B-64B96D7EF5D3}
		{97AED3BB-AC9E-4A84-B09A-7F2164FEB72B} = {3B05DD91-E4EC-48BF-A29B-64B96D7EF5D3}
		{70AC2666-F090-4655-8C08-E24A5904285F} = {3B05DD91-E4EC-48BF-A29B-64B96D7EF5D3}
		{446C58AC-A963-48B7-B32C-31207E5E640E} = {DF673BD6-4E77-45B7-8C65-85EA0D5E354B}
		{0B7B38DF-71E3-4F58-96D2-1F108949E712} = {DF673BD6-4E77-45B7-8C65-85EA0D5E354B}
		{4DFF4BB4-AA1C-4072-AC2F-8C7819F116C4} = {DF673BD6-4E77-45B7-8C65-85EA0D5E354B}
		{C4EF644D-8784-4FD6-8689-610C574AED9F} = {0E0FF9C0-E450-4DB0-8872-708BA3FA7964}
		{9A9CDF89-B0C8-410E-A0FD-C65E4CB48DF4} = {0E0FF9C0-E450-4DB0-8872-708BA3FA7964}
		{C007383E-0A85-4444-A3CD-49E0A5C0AF05} = {0E0FF9C0-E450-4DB0-8872-708BA3FA7964}
		{0E821081-C7AF-4615-92C5-1806C1273257} = {010ECD97-2AC5-47F1-B930-BB5D1C727AA5}
		{36E3E2DE-8F8C-44A9-9DAD-A23334FC3721} = {010ECD97-2AC5-47F1-B930-BB5D1C727AA5}
		{1DD4B75C-20E4-48BA-99F1-ED6B0F33F371} = {010ECD97-2AC5-47F1-B930-BB5D1C727AA5}
		{E1292906-0A10-4BA2-8133-72960AD9D494} = {B74A9AA1-5B7D-42AB-B251-176AA87CBFB5}
		{A23040B8-8531-4B6E-AB64-A8C2FF78C950} = {B74A9AA1-5B7D-42AB-B251-176AA87CBFB5}
		{83EBA68D-24E0-4DA1-9FBE-899FE99983BA} = {B74A9AA1-5B7D-42AB-B251-176AA87CBFB5}
	EndGlobalSection
	GlobalSection(ExtensibilityGlobals) = postSolution
		SolutionGuid = {6C64A4CB-FF01-40E4-AEFD-9379B59AD5DB}
	EndGlobalSection
EndGlobal
